
Microsoft Visual Studio Solution File, Format Version 12.00
# Visual Studio Version 17
VisualStudioVersion = 17.11.35312.102
MinimumVisualStudioVersion = 10.0.40219.1
Project("{9A19103F-16F7-4668-BE54-9A1E7A4F7556}") = "WinFormsApp1", "WinFormsApp1\WinFormsApp1.csproj", "{B4C2450B-A885-4AB0-BC7A-A6BF98C52C77}"
EndProject
Project("{9A19103F-16F7-4668-BE54-9A1E7A4F7556}") = "UnitTests", "..\WinFormsApp2\UnitTests.csproj", "{7D7649CE-2F90-4C4C-B130-9EC5C987B596}"
EndProject
Project("{9A19103F-16F7-4668-BE54-9A1E7A4F7556}") = "IntegrationTest", "..\IntegrationTest\IntegrationTest.csproj", "{F7E43BD1-C8E9-4B1E-A74E-568A06883E0D}"
EndProject
Project("{FAE04EC0-301F-11D3-BF4B-00C04F79EFBC}") = "E2E", "..\E2E\E2E.csproj", "{5F3B6BD4-34C1-4B95-9663-752837F8C6CD}"
EndProject
Global
	GlobalSection(SolutionConfigurationPlatforms) = preSolution
		Debug|Any CPU = Debug|Any CPU
		Release|Any CPU = Release|Any CPU
	EndGlobalSection
	GlobalSection(ProjectConfigurationPlatforms) = postSolution
		{B4C2450B-A885-4AB0-BC7A-A6BF98C52C77}.Debug|Any CPU.ActiveCfg = Debug|Any CPU
		{B4C2450B-A885-4AB0-BC7A-A6BF98C52C77}.Debug|Any CPU.Build.0 = Debug|Any CPU
		{B4C2450B-A885-4AB0-BC7A-A6BF98C52C77}.Release|Any CPU.ActiveCfg = Release|Any CPU
		{B4C2450B-A885-4AB0-BC7A-A6BF98C52C77}.Release|Any CPU.Build.0 = Release|Any CPU
		{7D7649CE-2F90-4C4C-B130-9EC5C987B596}.Debug|Any CPU.ActiveCfg = Debug|Any CPU
		{7D7649CE-2F90-4C4C-B130-9EC5C987B596}.Debug|Any CPU.Build.0 = Debug|Any CPU
		{7D7649CE-2F90-4C4C-B130-9EC5C987B596}.Release|Any CPU.ActiveCfg = Release|Any CPU
		{7D7649CE-2F90-4C4C-B130-9EC5C987B596}.Release|Any CPU.Build.0 = Release|Any CPU
		{F7E43BD1-C8E9-4B1E-A74E-568A06883E0D}.Debug|Any CPU.ActiveCfg = Debug|Any CPU
		{F7E43BD1-C8E9-4B1E-A74E-568A06883E0D}.Debug|Any CPU.Build.0 = Debug|Any CPU
		{F7E43BD1-C8E9-4B1E-A74E-568A06883E0D}.Release|Any CPU.ActiveCfg = Release|Any CPU
		{F7E43BD1-C8E9-4B1E-A74E-568A06883E0D}.Release|Any CPU.Build.0 = Release|Any CPU
		{5F3B6BD4-34C1-4B95-9663-752837F8C6CD}.Debug|Any CPU.ActiveCfg = Debug|Any CPU
		{5F3B6BD4-34C1-4B95-9663-752837F8C6CD}.Debug|Any CPU.Build.0 = Debug|Any CPU
		{5F3B6BD4-34C1-4B95-9663-752837F8C6CD}.Release|Any CPU.ActiveCfg = Release|Any CPU
		{5F3B6BD4-34C1-4B95-9663-752837F8C6CD}.Release|Any CPU.Build.0 = Release|Any CPU
	EndGlobalSection
	GlobalSection(SolutionProperties) = preSolution
		HideSolutionNode = FALSE
	EndGlobalSection
	GlobalSection(ExtensibilityGlobals) = postSolution
		SolutionGuid = {0442B8C4-CBF6-46F5-8084-BD2D51A132DB}
	EndGlobalSection
EndGlobal
